{
  "lockfileVersion": 1,
  "workspaces": {
    "": {
      "dependencies": {
        "@tanstack/react-devtools": "0.2.2",
      },
      "devDependencies": {
        "husky": "^9.1.7",
      },
    },
  },
  "packages": {
    "@solid-primitives/event-listener": ["@solid-primitives/event-listener@2.4.3", "", { "dependencies": { "@solid-primitives/utils": "^6.3.2" }, "peerDependencies": { "solid-js": "^1.6.12" } }, "sha512-h4VqkYFv6Gf+L7SQj+Y6puigL/5DIi7x5q07VZET7AWcS+9/G3WfIE9WheniHWJs51OEkRB43w6lDys5YeFceg=="],

    "@solid-primitives/keyboard": ["@solid-primitives/keyboard@1.3.3", "", { "dependencies": { "@solid-primitives/event-listener": "^2.4.3", "@solid-primitives/rootless": "^1.5.2", "@solid-primitives/utils": "^6.3.2" }, "peerDependencies": { "solid-js": "^1.6.12" } }, "sha512-9dQHTTgLBqyAI7aavtO+HnpTVJgWQA1ghBSrmLtMu1SMxLPDuLfuNr+Tk5udb4AL4Ojg7h9JrKOGEEDqsJXWJA=="],

    "@solid-primitives/rootless": ["@solid-primitives/rootless@1.5.2", "", { "dependencies": { "@solid-primitives/utils": "^6.3.2" }, "peerDependencies": { "solid-js": "^1.6.12" } }, "sha512-9HULb0QAzL2r47CCad0M+NKFtQ+LrGGNHZfteX/ThdGvKIg2o2GYhBooZubTCd/RTu2l2+Nw4s+dEfiDGvdrrQ=="],

    "@solid-primitives/utils": ["@solid-primitives/utils@6.3.2", "", { "peerDependencies": { "solid-js": "^1.6.12" } }, "sha512-hZ/M/qr25QOCcwDPOHtGjxTD8w2mNyVAYvcfgwzBHq2RwNqHNdDNsMZYap20+ruRwW4A3Cdkczyoz0TSxLCAPQ=="],

    "@tanstack/devtools": ["@tanstack/devtools@0.3.0", "", { "dependencies": { "@solid-primitives/keyboard": "^1.2.8", "@tanstack/devtools-event-bus": "0.2.1", "@tanstack/devtools-ui": "0.2.2", "clsx": "^2.1.1", "goober": "^2.1.16", "solid-js": "^1.9.7" } }, "sha512-uxj3MM2/ZlQDlhnBoUSlJC8oneJ+sPh6hK0kgiKZAEgrlUvZfUNgKGhrmMHZaAGl/WEglhZoxXwvvo9HAFT8yw=="],

    "@tanstack/devtools-event-bus": ["@tanstack/devtools-event-bus@0.2.1", "", { "dependencies": { "ws": "^8.18.3" } }, "sha512-JMq3AmrQR2LH9P8Rcj1MTq8Iq/mPk/PyuqSw1L0hO2Wl8G1oz5ue31fS8u8lIgOCVR/mGdJah18p+Pj5OosRJA=="],

    "@tanstack/devtools-ui": ["@tanstack/devtools-ui@0.2.2", "", { "dependencies": { "goober": "^2.1.16", "solid-js": "^1.9.7" } }, "sha512-G2gRyoGpjtr25w9BqQzPbefiJ9WALWYLOVxVr+NoqOLDA680nUO5KJjp7oLZMfnKssWxACgulaQ3DUmGGJuysQ=="],

    "@tanstack/react-devtools": ["@tanstack/react-devtools@0.2.2", "", { "dependencies": { "@tanstack/devtools": "0.3.0" }, "peerDependencies": { "@types/react": ">=16.8", "@types/react-dom": ">=16.8", "react": ">=16.8", "react-dom": ">=16.8" } }, "sha512-Ig8ZYqUPJ+nwRvF/RpkQHPbgEkrL3b2PjeYBgXgT5OemyRUlmG12UutvMBV+bJuBsSOKHrNf29IvzC0Vw9Bt1A=="],

    "@types/react": ["@types/react@19.2.7", "", { "dependencies": { "csstype": "^3.2.2" } }, "sha512-MWtvHrGZLFttgeEj28VXHxpmwYbor/ATPYbBfSFZEIRK0ecCFLl2Qo55z52Hss+UV9CRN7trSeq1zbgx7YDWWg=="],

    "@types/react-dom": ["@types/react-dom@19.2.3", "", { "peerDependencies": { "@types/react": "^19.2.0" } }, "sha512-jp2L/eY6fn+KgVVQAOqYItbF0VY/YApe5Mz2F0aykSO8gx31bYCZyvSeYxCHKvzHG5eZjc+zyaS5BrBWya2+kQ=="],

    "clsx": ["clsx@2.1.1", "", {}, "sha512-eYm0QWBtUrBWZWG0d386OGAw16Z995PiOVo2B7bjWSbHedGl5e0ZWaq65kOGgUSNesEIDkB9ISbTg/JK9dhCZA=="],

    "csstype": ["csstype@3.2.3", "", {}, "sha512-z1HGKcYy2xA8AGQfwrn0PAy+PB7X/GSj3UVJW9qKyn43xWa+gl5nXmU4qqLMRzWVLFC8KusUX8T/0kCiOYpAIQ=="],

    "goober": ["goober@2.1.18", "", { "peerDependencies": { "csstype": "^3.0.10" } }, "sha512-2vFqsaDVIT9Gz7N6kAL++pLpp41l3PfDuusHcjnGLfR6+huZkl6ziX+zgVC3ZxpqWhzH6pyDdGrCeDhMIvwaxw=="],

    "husky": ["husky@9.1.7", "", { "bin": { "husky": "bin.js" } }, "sha512-5gs5ytaNjBrh5Ow3zrvdUUY+0VxIuWVL4i9irt6friV+BqdCfmV11CQTWMiBYWHbXhco+J1kHfTOUkePhCDvMA=="],

    "react": ["react@19.2.0", "", {}, "sha512-tmbWg6W31tQLeB5cdIBOicJDJRR2KzXsV7uSK9iNfLWQ5bIZfxuPEHp7M8wiHyHnn0DD1i7w3Zmin0FtkrwoCQ=="],

    "react-dom": ["react-dom@19.2.0", "", { "dependencies": { "scheduler": "^0.27.0" }, "peerDependencies": { "react": "^19.2.0" } }, "sha512-UlbRu4cAiGaIewkPyiRGJk0imDN2T3JjieT6spoL2UeSf5od4n5LB/mQ4ejmxhCFT1tYe8IvaFulzynWovsEFQ=="],

    "scheduler": ["scheduler@0.27.0", "", {}, "sha512-eNv+WrVbKu1f3vbYJT/xtiF5syA5HPIMtf9IgY/nKg0sWqzAUEvqY/xm7OcZc/qafLx/iO9FgOmeSAp4v5ti/Q=="],

    "seroval": ["seroval@1.3.2", "", {}, "sha512-RbcPH1n5cfwKrru7v7+zrZvjLurgHhGyso3HTyGtRivGWgYjbOmGuivCQaORNELjNONoK35nj28EoWul9sb1zQ=="],

    "seroval-plugins": ["seroval-plugins@1.3.3", "", { "peerDependencies": { "seroval": "^1.0" } }, "sha512-16OL3NnUBw8JG1jBLUoZJsLnQq0n5Ua6aHalhJK4fMQkz1lqR7Osz1sA30trBtd9VUDc2NgkuRCn8+/pBwqZ+w=="],

    "solid-js": ["solid-js@1.9.10", "", { "dependencies": { "csstype": "^3.1.0", "seroval": "~1.3.0", "seroval-plugins": "~1.3.0" } }, "sha512-Coz956cos/EPDlhs6+jsdTxKuJDPT7B5SVIWgABwROyxjY7Xbr8wkzD68Et+NxnV7DLJ3nJdAC2r9InuV/4Jew=="],

    "ws": ["ws@8.18.3", "", { "peerDependencies": { "bufferutil": "^4.0.1", "utf-8-validate": ">=5.0.2" }, "optionalPeers": ["bufferutil", "utf-8-validate"] }, "sha512-PEIGCY5tSlUt50cqyMXfCzX+oOPqN0vuGqWzbcJ2xvnkzkq46oOpz7dQaTDBdfICb4N14+GARUDw2XV2N4tvzg=="],
  }
}
